github.com/golang/glog v1.0.0 h1:nfP3RFugxnNRyKgeWd4oI1nYvXpxrx8ck8ZrcizshdQ=
github.com/golang/glog v1.0.0/go.mod h1:EWib/APOK0SL3dFbYqvxE3UYd8E6s1ouQ7iEp/0LWV4=
github.com/google/go-cmp v0.5.7 h1:81/ik6ipDQS2aGcBfIN5dHDB36BwrStyeAQquSYCV4o=
github.com/influxdata/influxdb v1.11.0 h1:0X+ZsbcOWc6AEi5MHee9BYqXCKmz8IZsljrRYjmV8Qg=
github.com/influxdata/influxdb v1.11.0/go.mod h1:V93tJcidY0Zh0LtSONZWnXXGDyt20dtVf+Ddp4EnhaA=
libvirt.org/go/libvirt v1.8010.0 h1:q4UeuyzSp7GiYUB5T3ytzeXh41hp9JqNQu150NkO+7A=
libvirt.org/go/libvirt v1.8010.0/go.mod h1:1WiFE8EjZfq+FCVog+rvr1yatKbKZ9FaFMZgEqxEJqQ=
